PODS:
  - CoreStore (2.1.0):
    - GCDKit (= 1.3.0)
  - GCDKit (1.3.0)

DEPENDENCIES:
  - CoreStore (= 2.1.0)

SPEC CHECKSUMS:
  CoreStore: 7132abf22361417fb37ab77ab6165f8a139b61c9
  GCDKit: 3628a7dc4be227724846954f678621b78ac7a7a3

PODFILE CHECKSUM: eb2b9e96b1ff2ff1590085425d53a96a3e92216d

COCOAPODS: 1.0.1
