// !$*UTF8*$!
{
	archiveVersion = 1;
	classes = {
	};
	objectVersion = 46;
	objects = {

/* Begin PBXBuildFile section */
		1A5783BE1D93E59000FEF7D0 /* AppDelegate.swift in Sources */ = {isa = PBXBuildFile; fileRef = 1A5783BD1D93E59000FEF7D0 /* AppDelegate.swift */; };
		1A5783C01D93E59000FEF7D0 /* ViewController.swift in Sources */ = {isa = PBXBuildFile; fileRef = 1A5783BF1D93E59000FEF7D0 /* ViewController.swift */; };
		1A5783C31D93E59000FEF7D0 /* Main.storyboard in Resources */ = {isa = PBXBuildFile; fileRef = 1A5783C11D93E59000FEF7D0 /* Main.storyboard */; };
		1A5783C61D93E59000FEF7D0 /* CoreStoreSectionedListTestCase.xcdatamodeld in Sources */ = {isa = PBXBuildFile; fileRef = 1A5783C41D93E59000FEF7D0 /* CoreStoreSectionedListTestCase.xcdatamodeld */; };
		1A5783C81D93E59000FEF7D0 /* Assets.xcassets in Resources */ = {isa = PBXBuildFile; fileRef = 1A5783C71D93E59000FEF7D0 /* Assets.xcassets */; };
		1A5783CB1D93E59000FEF7D0 /* LaunchScreen.storyboard in Resources */ = {isa = PBXBuildFile; fileRef = 1A5783C91D93E59000FEF7D0 /* LaunchScreen.storyboard */; };
/* End PBXBuildFile section */

/* Begin PBXFileReference section */
		1A5783BA1D93E59000FEF7D0 /* CoreStoreSectionedListTestCase.app */ = {isa = PBXFileReference; explicitFileType = wrapper.application; includeInIndex = 0; path = CoreStoreSectionedListTestCase.app; sourceTree = BUILT_PRODUCTS_DIR; };
		1A5783BD1D93E59000FEF7D0 /* AppDelegate.swift */ = {isa = PBXFileReference; lastKnownFileType = sourcecode.swift; path = AppDelegate.swift; sourceTree = "<group>"; };
		1A5783BF1D93E59000FEF7D0 /* ViewController.swift */ = {isa = PBXFileReference; lastKnownFileType = sourcecode.swift; path = ViewController.swift; sourceTree = "<group>"; };
		1A5783C21D93E59000FEF7D0 /* Base */ = {isa = PBXFileReference; lastKnownFileType = file.storyboard; name = Base; path = Base.lproj/Main.storyboard; sourceTree = "<group>"; };
		1A5783C51D93E59000FEF7D0 /* CoreStoreSectionedListTestCase.xcdatamodel */ = {isa = PBXFileReference; lastKnownFileType = wrapper.xcdatamodel; path = CoreStoreSectionedListTestCase.xcdatamodel; sourceTree = "<group>"; };
		1A5783C71D93E59000FEF7D0 /* Assets.xcassets */ = {isa = PBXFileReference; lastKnownFileType = folder.assetcatalog; path = Assets.xcassets; sourceTree = "<group>"; };
		1A5783CA1D93E59000FEF7D0 /* Base */ = {isa = PBXFileReference; lastKnownFileType = file.storyboard; name = Base; path = Base.lproj/LaunchScreen.storyboard; sourceTree = "<group>"; };
		1A5783CC1D93E59000FEF7D0 /* Info.plist */ = {isa = PBXFileReference; lastKnownFileType = text.plist.xml; path = Info.plist; sourceTree = "<group>"; };
/* End PBXFileReference section */

/* Begin PBXFrameworksBuildPhase section */
		1A5783B71D93E59000FEF7D0 /* Frameworks */ = {
			isa = PBXFrameworksBuildPhase;
			buildActionMask = 2147483647;
			files = (
			);
			runOnlyForDeploymentPostprocessing = 0;
		};
/* End PBXFrameworksBuildPhase section */

/* Begin PBXGroup section */
		1A5783B11D93E59000FEF7D0 = {
			isa = PBXGroup;
			children = (
				1A5783BC1D93E59000FEF7D0 /* CoreStoreSectionedListTestCase */,
				1A5783BB1D93E59000FEF7D0 /* Products */,
			);
			sourceTree = "<group>";
		};
		1A5783BB1D93E59000FEF7D0 /* Products */ = {
			isa = PBXGroup;
			children = (
				1A5783BA1D93E59000FEF7D0 /* CoreStoreSectionedListTestCase.app */,
			);
			name = Products;
			sourceTree = "<group>";
		};
		1A5783BC1D93E59000FEF7D0 /* CoreStoreSectionedListTestCase */ = {
			isa = PBXGroup;
			children = (
				1A5783BD1D93E59000FEF7D0 /* AppDelegate.swift */,
				1A5783BF1D93E59000FEF7D0 /* ViewController.swift */,
				1A5783C11D93E59000FEF7D0 /* Main.storyboard */,
				1A5783C71D93E59000FEF7D0 /* Assets.xcassets */,
				1A5783C91D93E59000FEF7D0 /* LaunchScreen.storyboard */,
				1A5783CC1D93E59000FEF7D0 /* Info.plist */,
				1A5783C41D93E59000FEF7D0 /* CoreStoreSectionedListTestCase.xcdatamodeld */,
			);
			path = CoreStoreSectionedListTestCase;
			sourceTree = "<group>";
		};
/* End PBXGroup section */

/* Begin PBXNativeTarget section */
		1A5783B91D93E59000FEF7D0 /* CoreStoreSectionedListTestCase */ = {
			isa = PBXNativeTarget;
			buildConfigurationList = 1A5783CF1D93E59000FEF7D0 /* Build configuration list for PBXNativeTarget "CoreStoreSectionedListTestCase" */;
			buildPhases = (
				1A5783B61D93E59000FEF7D0 /* Sources */,
				1A5783B71D93E59000FEF7D0 /* Frameworks */,
				1A5783B81D93E59000FEF7D0 /* Resources */,
			);
			buildRules = (
			);
			dependencies = (
			);
			name = CoreStoreSectionedListTestCase;
			productName = CoreStoreSectionedListTestCase;
			productReference = 1A5783BA1D93E59000FEF7D0 /* CoreStoreSectionedListTestCase.app */;
			productType = "com.apple.product-type.application";
		};
/* End PBXNativeTarget section */

/* Begin PBXProject section */
		1A5783B21D93E59000FEF7D0 /* Project object */ = {
			isa = PBXProject;
			attributes = {
				LastSwiftUpdateCheck = 0800;
				LastUpgradeCheck = 0800;
				ORGANIZATIONNAME = Liveminds;
				TargetAttributes = {
					1A5783B91D93E59000FEF7D0 = {
						CreatedOnToolsVersion = 8.0;
						ProvisioningStyle = Automatic;
					};
				};
			};
			buildConfigurationList = 1A5783B51D93E59000FEF7D0 /* Build configuration list for PBXProject "CoreStoreSectionedListTestCase" */;
			compatibilityVersion = "Xcode 3.2";
			developmentRegion = English;
			hasScannedForEncodings = 0;
			knownRegions = (
				en,
				Base,
			);
			mainGroup = 1A5783B11D93E59000FEF7D0;
			productRefGroup = 1A5783BB1D93E59000FEF7D0 /* Products */;
			projectDirPath = "";
			projectRoot = "";
			targets = (
				1A5783B91D93E59000FEF7D0 /* CoreStoreSectionedListTestCase */,
			);
		};
/* End PBXProject section */

/* Begin PBXResourcesBuildPhase section */
		1A5783B81D93E59000FEF7D0 /* Resources */ = {
			isa = PBXResourcesBuildPhase;
			buildActionMask = 2147483647;
			files = (
				1A5783CB1D93E59000FEF7D0 /* LaunchScreen.storyboard in Resources */,
				1A5783C81D93E59000FEF7D0 /* Assets.xcassets in Resources */,
				1A5783C31D93E59000FEF7D0 /* Main.storyboard in Resources */,
			);
			runOnlyForDeploymentPostprocessing = 0;
		};
/* End PBXResourcesBuildPhase section */

/* Begin PBXSourcesBuildPhase section */
		1A5783B61D93E59000FEF7D0 /* Sources */ = {
			isa = PBXSourcesBuildPhase;
			buildActionMask = 2147483647;
			files = (
				1A5783C01D93E59000FEF7D0 /* ViewController.swift in Sources */,
				1A5783C61D93E59000FEF7D0 /* CoreStoreSectionedListTestCase.xcdatamodeld in Sources */,
				1A5783BE1D93E59000FEF7D0 /* AppDelegate.swift in Sources */,
			);
			runOnlyForDeploymentPostprocessing = 0;
		};
/* End PBXSourcesBuildPhase section */

/* Begin PBXVariantGroup section */
		1A5783C11D93E59000FEF7D0 /* Main.storyboard */ = {
			isa = PBXVariantGroup;
			children = (
				1A5783C21D93E59000FEF7D0 /* Base */,
			);
			name = Main.storyboard;
			sourceTree = "<group>";
		};
		1A5783C91D93E59000FEF7D0 /* LaunchScreen.storyboard */ = {
			isa = PBXVariantGroup;
			children = (
				1A5783CA1D93E59000FEF7D0 /* Base */,
			);
			name = LaunchScreen.storyboard;
			sourceTree = "<group>";
		};
/* End PBXVariantGroup section */

/* Begin XCBuildConfiguration section */
		1A5783CD1D93E59000FEF7D0 /* Debug */ = {
			isa = XCBuildConfiguration;
			buildSettings = {
				ALWAYS_SEARCH_USER_PATHS = NO;
				CLANG_ANALYZER_NONNULL = YES;
				CLANG_CXX_LANGUAGE_STANDARD = "gnu++0x";
				CLANG_CXX_LIBRARY = "libc++";
				CLANG_ENABLE_MODULES = YES;
				CLANG_ENABLE_OBJC_ARC = YES;
				CLANG_WARN_BOOL_CONVERSION = YES;
				CLANG_WARN_CONSTANT_CONVERSION = YES;
				CLANG_WARN_DIRECT_OBJC_ISA_USAGE = YES_ERROR;
				CLANG_WARN_DOCUMENTATION_COMMENTS = YES;
				CLANG_WARN_EMPTY_BODY = YES;
				CLANG_WARN_ENUM_CONVERSION = YES;
				CLANG_WARN_INFINITE_RECURSION = YES;
				CLANG_WARN_INT_CONVERSION = YES;
				CLANG_WARN_OBJC_ROOT_CLASS = YES_ERROR;
				CLANG_WARN_SUSPICIOUS_MOVES = YES;
				CLANG_WARN_UNREACHABLE_CODE = YES;
				CLANG_WARN__DUPLICATE_METHOD_MATCH = YES;
				"CODE_SIGN_IDENTITY[sdk=iphoneos*]" = "iPhone Developer";
				COPY_PHASE_STRIP = NO;
				DEBUG_INFORMATION_FORMAT = dwarf;
				ENABLE_STRICT_OBJC_MSGSEND = YES;
				ENABLE_TESTABILITY = YES;
				GCC_C_LANGUAGE_STANDARD = gnu99;
				GCC_DYNAMIC_NO_PIC = NO;
				GCC_NO_COMMON_BLOCKS = YES;
				GCC_OPTIMIZATION_LEVEL = 0;
				GCC_PREPROCESSOR_DEFINITIONS = (
					"DEBUG=1",
					"$(inherited)",
				);
				GCC_WARN_64_TO_32_BIT_CONVERSION = YES;
				GCC_WARN_ABOUT_RETURN_TYPE = YES_ERROR;
				GCC_WARN_UNDECLARED_SELECTOR = YES;
				GCC_WARN_UNINITIALIZED_AUTOS = YES_AGGRESSIVE;
				GCC_WARN_UNUSED_FUNCTION = YES;
				GCC_WARN_UNUSED_VARIABLE = YES;
				IPHONEOS_DEPLOYMENT_TARGET = 10.0;
				MTL_ENABLE_DEBUG_INFO = YES;
				ONLY_ACTIVE_ARCH = YES;
				SDKROOT = iphoneos;
				SWIFT_ACTIVE_COMPILATION_CONDITIONS = DEBUG;
				SWIFT_OPTIMIZATION_LEVEL = "-Onone";
			};
			name = Debug;
		};
		1A5783CE1D93E59000FEF7D0 /* Release */ = {
			isa = XCBuildConfiguration;
			buildSettings = {
				ALWAYS_SEARCH_USER_PATHS = NO;
				CLANG_ANALYZER_NONNULL = YES;
				CLANG_CXX_LANGUAGE_STANDARD = "gnu++0x";
				CLANG_CXX_LIBRARY = "libc++";
				CLANG_ENABLE_MODULES = YES;
				CLANG_ENABLE_OBJC_ARC = YES;
				CLANG_WARN_BOOL_CONVERSION = YES;
				CLANG_WARN_CONSTANT_CONVERSION = YES;
				CLANG_WARN_DIRECT_OBJC_ISA_USAGE = YES_ERROR;
				CLANG_WARN_DOCUMENTATION_COMMENTS = YES;
				CLANG_WARN_EMPTY_BODY = YES;
				CLANG_WARN_ENUM_CONVERSION = YES;
				CLANG_WARN_INFINITE_RECURSION = YES;
				CLANG_WARN_INT_CONVERSION = YES;
				CLANG_WARN_OBJC_ROOT_CLASS = YES_ERROR;
				CLANG_WARN_SUSPICIOUS_MOVES = YES;
				CLANG_WARN_UNREACHABLE_CODE = YES;
				CLANG_WARN__DUPLICATE_METHOD_MATCH = YES;
				"CODE_SIGN_IDENTITY[sdk=iphoneos*]" = "iPhone Developer";
				COPY_PHASE_STRIP = NO;
				DEBUG_INFORMATION_FORMAT = "dwarf-with-dsym";
				ENABLE_NS_ASSERTIONS = NO;
				ENABLE_STRICT_OBJC_MSGSEND = YES;
				GCC_C_LANGUAGE_STANDARD = gnu99;
				GCC_NO_COMMON_BLOCKS = YES;
				GCC_WARN_64_TO_32_BIT_CONVERSION = YES;
				GCC_WARN_ABOUT_RETURN_TYPE = YES_ERROR;
				GCC_WARN_UNDECLARED_SELECTOR = YES;
				GCC_WARN_UNINITIALIZED_AUTOS = YES_AGGRESSIVE;
				GCC_WARN_UNUSED_FUNCTION = YES;
				GCC_WARN_UNUSED_VARIABLE = YES;
				IPHONEOS_DEPLOYMENT_TARGET = 10.0;
				MTL_ENABLE_DEBUG_INFO = NO;
				SDKROOT = iphoneos;
				SWIFT_OPTIMIZATION_LEVEL = "-Owholemodule";
				VALIDATE_PRODUCT = YES;
			};
			name = Release;
		};
		1A5783D01D93E59000FEF7D0 /* Debug */ = {
			isa = XCBuildConfiguration;
			buildSettings = {
				ASSETCATALOG_COMPILER_APPICON_NAME = AppIcon;
				INFOPLIST_FILE = CoreStoreSectionedListTestCase/Info.plist;
				LD_RUNPATH_SEARCH_PATHS = "$(inherited) @executable_path/Frameworks";
				PRODUCT_BUNDLE_IDENTIFIER = com.liveminds.CoreStoreSectionedListTestCase;
				PRODUCT_NAME = "$(TARGET_NAME)";
				SWIFT_VERSION = 3.0;
			};
			name = Debug;
		};
		1A5783D11D93E59000FEF7D0 /* Release */ = {
			isa = XCBuildConfiguration;
			buildSettings = {
				ASSETCATALOG_COMPILER_APPICON_NAME = AppIcon;
				INFOPLIST_FILE = CoreStoreSectionedListTestCase/Info.plist;
				LD_RUNPATH_SEARCH_PATHS = "$(inherited) @executable_path/Frameworks";
				PRODUCT_BUNDLE_IDENTIFIER = com.liveminds.CoreStoreSectionedListTestCase;
				PRODUCT_NAME = "$(TARGET_NAME)";
				SWIFT_VERSION = 3.0;
			};
			name = Release;
		};
/* End XCBuildConfiguration section */

/* Begin XCConfigurationList section */
		1A5783B51D93E59000FEF7D0 /* Build configuration list for PBXProject "CoreStoreSectionedListTestCase" */ = {
			isa = XCConfigurationList;
			buildConfigurations = (
				1A5783CD1D93E59000FEF7D0 /* Debug */,
				1A5783CE1D93E59000FEF7D0 /* Release */,
			);
			defaultConfigurationIsVisible = 0;
			defaultConfigurationName = Release;
		};
		1A5783CF1D93E59000FEF7D0 /* Build configuration list for PBXNativeTarget "CoreStoreSectionedListTestCase" */ = {
			isa = XCConfigurationList;
			buildConfigurations = (
				1A5783D01D93E59000FEF7D0 /* Debug */,
				1A5783D11D93E59000FEF7D0 /* Release */,
			);
			defaultConfigurationIsVisible = 0;
		};
/* End XCConfigurationList section */

/* Begin XCVersionGroup section */
		1A5783C41D93E59000FEF7D0 /* CoreStoreSectionedListTestCase.xcdatamodeld */ = {
			isa = XCVersionGroup;
			children = (
				1A5783C51D93E59000FEF7D0 /* CoreStoreSectionedListTestCase.xcdatamodel */,
			);
			currentVersion = 1A5783C51D93E59000FEF7D0 /* CoreStoreSectionedListTestCase.xcdatamodel */;
			path = CoreStoreSectionedListTestCase.xcdatamodeld;
			sourceTree = "<group>";
			versionGroupType = wrapper.xcdatamodel;
		};
/* End XCVersionGroup section */
	};
	rootObject = 1A5783B21D93E59000FEF7D0 /* Project object */;
}
